
Microsoft Visual Studio Solution File, Format Version 12.00
# Visual Studio Version 17
VisualStudioVersion = 17.0.31903.59
MinimumVisualStudioVersion = 10.0.40219.1
Project("{FAE04EC0-301F-11D3-BF4B-00C04F79EFBC}") = "API", "API\API.csproj", "{7EEF0491-0064-4FEF-A46B-9FAF7258B017}"
EndProject
Project("{FAE04EC0-301F-11D3-BF4B-00C04F79EFBC}") = "Application", "Application\Application.csproj", "{516BCC68-E5BD-45C5-877E-EF6298853481}"
EndProject
Project("{FAE04EC0-301F-11D3-BF4B-00C04F79EFBC}") = "Domain", "Domain\Domain.csproj", "{BADA7022-EFCF-4EE1-8A67-CE6AA97764B0}"
EndProject
Project("{FAE04EC0-301F-11D3-BF4B-00C04F79EFBC}") = "Persistence", "Persistence\Persistence.csproj", "{BBF5A634-85D6-4C0A-A89B-9F38E1D81079}"
EndProject
Global
	GlobalSection(SolutionConfigurationPlatforms) = preSolution
		Debug|Any CPU = Debug|Any CPU
		Release|Any CPU = Release|Any CPU
	EndGlobalSection
	GlobalSection(SolutionProperties) = preSolution
		HideSolutionNode = FALSE
	EndGlobalSection
	GlobalSection(ProjectConfigurationPlatforms) = postSolution
		{7EEF0491-0064-4FEF-A46B-9FAF7258B017}.Debug|Any CPU.ActiveCfg = Debug|Any CPU
		{7EEF0491-0064-4FEF-A46B-9FAF7258B017}.Debug|Any CPU.Build.0 = Debug|Any CPU
		{7EEF0491-0064-4FEF-A46B-9FAF7258B017}.Release|Any CPU.ActiveCfg = Release|Any CPU
		{7EEF0491-0064-4FEF-A46B-9FAF7258B017}.Release|Any CPU.Build.0 = Release|Any CPU
		{516BCC68-E5BD-45C5-877E-EF6298853481}.Debug|Any CPU.ActiveCfg = Debug|Any CPU
		{516BCC68-E5BD-45C5-877E-EF6298853481}.Debug|Any CPU.Build.0 = Debug|Any CPU
		{516BCC68-E5BD-45C5-877E-EF6298853481}.Release|Any CPU.ActiveCfg = Release|Any CPU
		{516BCC68-E5BD-45C5-877E-EF6298853481}.Release|Any CPU.Build.0 = Release|Any CPU
		{BADA7022-EFCF-4EE1-8A67-CE6AA97764B0}.Debug|Any CPU.ActiveCfg = Debug|Any CPU
		{BADA7022-EFCF-4EE1-8A67-CE6AA97764B0}.Debug|Any CPU.Build.0 = Debug|Any CPU
		{BADA7022-EFCF-4EE1-8A67-CE6AA97764B0}.Release|Any CPU.ActiveCfg = Release|Any CPU
		{BADA7022-EFCF-4EE1-8A67-CE6AA97764B0}.Release|Any CPU.Build.0 = Release|Any CPU
		{BBF5A634-85D6-4C0A-A89B-9F38E1D81079}.Debug|Any CPU.ActiveCfg = Debug|Any CPU
		{BBF5A634-85D6-4C0A-A89B-9F38E1D81079}.Debug|Any CPU.Build.0 = Debug|Any CPU
		{BBF5A634-85D6-4C0A-A89B-9F38E1D81079}.Release|Any CPU.ActiveCfg = Release|Any CPU
		{BBF5A634-85D6-4C0A-A89B-9F38E1D81079}.Release|Any CPU.Build.0 = Release|Any CPU
	EndGlobalSection
EndGlobal
